
Microsoft Visual Studio Solution File, Format Version 12.00
# Visual Studio 15
VisualStudioVersion = 15.0.27130.2024
MinimumVisualStudioVersion = 10.0.40219.1
Project("{9A19103F-16F7-4668-BE54-9A1E7A4F7556}") = "StockQueueCreator", "StockQueueCreator\StockQueueCreator.csproj", "{2081BD32-3E3B-4419-9FAD-FABA1AE1BF32}"
EndProject
Project("{9A19103F-16F7-4668-BE54-9A1E7A4F7556}") = "AajpFunctions", "AajpFunctions\AajpFunctions.csproj", "{B3B3DA15-A44D-40AB-958C-1F5FF1E9E0C2}"
EndProject
Global
	GlobalSection(SolutionConfigurationPlatforms) = preSolution
		Debug|Any CPU = Debug|Any CPU
		Release|Any CPU = Release|Any CPU
	EndGlobalSection
	GlobalSection(ProjectConfigurationPlatforms) = postSolution
		{2081BD32-3E3B-4419-9FAD-FABA1AE1BF32}.Debug|Any CPU.ActiveCfg = Debug|Any CPU
		{2081BD32-3E3B-4419-9FAD-FABA1AE1BF32}.Debug|Any CPU.Build.0 = Debug|Any CPU
		{2081BD32-3E3B-4419-9FAD-FABA1AE1BF32}.Release|Any CPU.ActiveCfg = Release|Any CPU
		{2081BD32-3E3B-4419-9FAD-FABA1AE1BF32}.Release|Any CPU.Build.0 = Release|Any CPU
		{B3B3DA15-A44D-40AB-958C-1F5FF1E9E0C2}.Debug|Any CPU.ActiveCfg = Debug|Any CPU
		{B3B3DA15-A44D-40AB-958C-1F5FF1E9E0C2}.Debug|Any CPU.Build.0 = Debug|Any CPU
		{B3B3DA15-A44D-40AB-958C-1F5FF1E9E0C2}.Release|Any CPU.ActiveCfg = Release|Any CPU
		{B3B3DA15-A44D-40AB-958C-1F5FF1E9E0C2}.Release|Any CPU.Build.0 = Release|Any CPU
	EndGlobalSection
	GlobalSection(SolutionProperties) = preSolution
		HideSolutionNode = FALSE
	EndGlobalSection
	GlobalSection(ExtensibilityGlobals) = postSolution
		SolutionGuid = {D3243994-A824-45B5-83CC-5AAC2905371E}
	EndGlobalSection
EndGlobal
